
Microsoft Visual Studio Solution File, Format Version 12.00
# Visual Studio Version 16
VisualStudioVersion = 16.0.31515.178
MinimumVisualStudioVersion = 10.0.40219.1
Project("{9A19103F-16F7-4668-BE54-9A1E7A4F7556}") = "KingFashionShop.Domain", "KingFashionShop.Domain\KingFashionShop.Domain.csproj", "{33A45173-823E-4BC2-BFE3-D9E8BD3FB823}"
EndProject
Project("{9A19103F-16F7-4668-BE54-9A1E7A4F7556}") = "KingFashionShop.Service", "KingFashionShop.Service\KingFashionShop.Service.csproj", "{AA594529-962E-4714-B619-600F520CD1D2}"
EndProject
Project("{9A19103F-16F7-4668-BE54-9A1E7A4F7556}") = "KingFashionShop.API", "KingFashionShop.API\KingFashionShop.API.csproj", "{72DD39EB-E47C-4596-935B-B2A646144822}"
EndProject
Project("{9A19103F-16F7-4668-BE54-9A1E7A4F7556}") = "KingFashionShop.Commons", "KingFashionShop.Commons\KingFashionShop.Commons.csproj", "{F5629093-DFF8-4C79-8E53-FD38C6DA10AB}"
EndProject
Global
	GlobalSection(SolutionConfigurationPlatforms) = preSolution
		Debug|Any CPU = Debug|Any CPU
		Release|Any CPU = Release|Any CPU
	EndGlobalSection
	GlobalSection(ProjectConfigurationPlatforms) = postSolution
		{33A45173-823E-4BC2-BFE3-D9E8BD3FB823}.Debug|Any CPU.ActiveCfg = Debug|Any CPU
		{33A45173-823E-4BC2-BFE3-D9E8BD3FB823}.Debug|Any CPU.Build.0 = Debug|Any CPU
		{33A45173-823E-4BC2-BFE3-D9E8BD3FB823}.Release|Any CPU.ActiveCfg = Release|Any CPU
		{33A45173-823E-4BC2-BFE3-D9E8BD3FB823}.Release|Any CPU.Build.0 = Release|Any CPU
		{AA594529-962E-4714-B619-600F520CD1D2}.Debug|Any CPU.ActiveCfg = Debug|Any CPU
		{AA594529-962E-4714-B619-600F520CD1D2}.Debug|Any CPU.Build.0 = Debug|Any CPU
		{AA594529-962E-4714-B619-600F520CD1D2}.Release|Any CPU.ActiveCfg = Release|Any CPU
		{AA594529-962E-4714-B619-600F520CD1D2}.Release|Any CPU.Build.0 = Release|Any CPU
		{72DD39EB-E47C-4596-935B-B2A646144822}.Debug|Any CPU.ActiveCfg = Debug|Any CPU
		{72DD39EB-E47C-4596-935B-B2A646144822}.Debug|Any CPU.Build.0 = Debug|Any CPU
		{72DD39EB-E47C-4596-935B-B2A646144822}.Release|Any CPU.ActiveCfg = Release|Any CPU
		{72DD39EB-E47C-4596-935B-B2A646144822}.Release|Any CPU.Build.0 = Release|Any CPU
		{F5629093-DFF8-4C79-8E53-FD38C6DA10AB}.Debug|Any CPU.ActiveCfg = Debug|Any CPU
		{F5629093-DFF8-4C79-8E53-FD38C6DA10AB}.Debug|Any CPU.Build.0 = Debug|Any CPU
		{F5629093-DFF8-4C79-8E53-FD38C6DA10AB}.Release|Any CPU.ActiveCfg = Release|Any CPU
		{F5629093-DFF8-4C79-8E53-FD38C6DA10AB}.Release|Any CPU.Build.0 = Release|Any CPU
	EndGlobalSection
	GlobalSection(SolutionProperties) = preSolution
		HideSolutionNode = FALSE
	EndGlobalSection
	GlobalSection(ExtensibilityGlobals) = postSolution
		SolutionGuid = {4B9558C5-5C14-4860-A43F-B4FE7F0B92A0}
	EndGlobalSection
EndGlobal
